
Microsoft Visual Studio Solution File, Format Version 12.00
# Visual Studio 15
VisualStudioVersion = 15.0.26228.4
MinimumVisualStudioVersion = 10.0.40219.1
Project("{FAE04EC0-301F-11D3-BF4B-00C04F79EFBC}") = "StudentSystem.Data", "StudentSystem.Data\StudentSystem.Data.csproj", "{F96FEBCC-8D56-437C-977A-B7A3B7C3FB44}"
EndProject
Project("{FAE04EC0-301F-11D3-BF4B-00C04F79EFBC}") = "StudentSystem.Model", "StudentSystem.Model\StudentSystem.Model.csproj", "{30FCC5A6-C5AC-4413-81B7-5412A8F6FEEE}"
EndProject
Project("{FAE04EC0-301F-11D3-BF4B-00C04F79EFBC}") = "StudentSystem.UI", "StudentSystem.UI\StudentSystem.UI.csproj", "{BFA55E88-1E83-48FD-AD7C-12A177BA9924}"
EndProject
Project("{FAE04EC0-301F-11D3-BF4B-00C04F79EFBC}") = "Gringotts.Data", "Gringotts.Data\Gringotts.Data.csproj", "{24B14622-8EE1-43C5-8E27-3F506092765F}"
EndProject
Project("{FAE04EC0-301F-11D3-BF4B-00C04F79EFBC}") = "Gringotts.Model", "Gringotts.Model\Gringotts.Model.csproj", "{ECD863EC-CD54-426E-8538-B18223069EC2}"
EndProject
Project("{FAE04EC0-301F-11D3-BF4B-00C04F79EFBC}") = "Gringotts.UI", "Gringotts.UI\Gringotts.UI.csproj", "{C1B8D393-BFEB-4965-8B91-070AEAB6B99D}"
EndProject
Project("{FAE04EC0-301F-11D3-BF4B-00C04F79EFBC}") = "BookmakerSystem.Data", "BookmakerSystem.Data\BookmakerSystem.Data.csproj", "{FDD6A384-17C2-4B8F-9DBD-79E4877FE55D}"
EndProject
Project("{FAE04EC0-301F-11D3-BF4B-00C04F79EFBC}") = "BookmakerSystem.Model", "BookmakerSystem.Model\BookmakerSystem.Model.csproj", "{B0206B27-6AD2-4902-9B4C-A656674AC293}"
EndProject
Project("{FAE04EC0-301F-11D3-BF4B-00C04F79EFBC}") = "BankSystem.Data", "BankSystem.Data\BankSystem.Data.csproj", "{685B6083-8BBE-4B77-A1EE-89CBAB58FD87}"
EndProject
Project("{FAE04EC0-301F-11D3-BF4B-00C04F79EFBC}") = "BankSystem.Model", "BankSystem.Model\BankSystem.Model.csproj", "{0246388C-5951-416C-A211-B864F833D2D4}"
EndProject
Global
	GlobalSection(SolutionConfigurationPlatforms) = preSolution
		Debug|Any CPU = Debug|Any CPU
		Release|Any CPU = Release|Any CPU
	EndGlobalSection
	GlobalSection(ProjectConfigurationPlatforms) = postSolution
		{F96FEBCC-8D56-437C-977A-B7A3B7C3FB44}.Debug|Any CPU.ActiveCfg = Debug|Any CPU
		{F96FEBCC-8D56-437C-977A-B7A3B7C3FB44}.Debug|Any CPU.Build.0 = Debug|Any CPU
		{F96FEBCC-8D56-437C-977A-B7A3B7C3FB44}.Release|Any CPU.ActiveCfg = Release|Any CPU
		{F96FEBCC-8D56-437C-977A-B7A3B7C3FB44}.Release|Any CPU.Build.0 = Release|Any CPU
		{30FCC5A6-C5AC-4413-81B7-5412A8F6FEEE}.Debug|Any CPU.ActiveCfg = Debug|Any CPU
		{30FCC5A6-C5AC-4413-81B7-5412A8F6FEEE}.Debug|Any CPU.Build.0 = Debug|Any CPU
		{30FCC5A6-C5AC-4413-81B7-5412A8F6FEEE}.Release|Any CPU.ActiveCfg = Release|Any CPU
		{30FCC5A6-C5AC-4413-81B7-5412A8F6FEEE}.Release|Any CPU.Build.0 = Release|Any CPU
		{BFA55E88-1E83-48FD-AD7C-12A177BA9924}.Debug|Any CPU.ActiveCfg = Debug|Any CPU
		{BFA55E88-1E83-48FD-AD7C-12A177BA9924}.Debug|Any CPU.Build.0 = Debug|Any CPU
		{BFA55E88-1E83-48FD-AD7C-12A177BA9924}.Release|Any CPU.ActiveCfg = Release|Any CPU
		{BFA55E88-1E83-48FD-AD7C-12A177BA9924}.Release|Any CPU.Build.0 = Release|Any CPU
		{24B14622-8EE1-43C5-8E27-3F506092765F}.Debug|Any CPU.ActiveCfg = Debug|Any CPU
		{24B14622-8EE1-43C5-8E27-3F506092765F}.Debug|Any CPU.Build.0 = Debug|Any CPU
		{24B14622-8EE1-43C5-8E27-3F506092765F}.Release|Any CPU.ActiveCfg = Release|Any CPU
		{24B14622-8EE1-43C5-8E27-3F506092765F}.Release|Any CPU.Build.0 = Release|Any CPU
		{ECD863EC-CD54-426E-8538-B18223069EC2}.Debug|Any CPU.ActiveCfg = Debug|Any CPU
		{ECD863EC-CD54-426E-8538-B18223069EC2}.Debug|Any CPU.Build.0 = Debug|Any CPU
		{ECD863EC-CD54-426E-8538-B18223069EC2}.Release|Any CPU.ActiveCfg = Release|Any CPU
		{ECD863EC-CD54-426E-8538-B18223069EC2}.Release|Any CPU.Build.0 = Release|Any CPU
		{C1B8D393-BFEB-4965-8B91-070AEAB6B99D}.Debug|Any CPU.ActiveCfg = Debug|Any CPU
		{C1B8D393-BFEB-4965-8B91-070AEAB6B99D}.Debug|Any CPU.Build.0 = Debug|Any CPU
		{C1B8D393-BFEB-4965-8B91-070AEAB6B99D}.Release|Any CPU.ActiveCfg = Release|Any CPU
		{C1B8D393-BFEB-4965-8B91-070AEAB6B99D}.Release|Any CPU.Build.0 = Release|Any CPU
		{FDD6A384-17C2-4B8F-9DBD-79E4877FE55D}.Debug|Any CPU.ActiveCfg = Debug|Any CPU
		{FDD6A384-17C2-4B8F-9DBD-79E4877FE55D}.Debug|Any CPU.Build.0 = Debug|Any CPU
		{FDD6A384-17C2-4B8F-9DBD-79E4877FE55D}.Release|Any CPU.ActiveCfg = Release|Any CPU
		{FDD6A384-17C2-4B8F-9DBD-79E4877FE55D}.Release|Any CPU.Build.0 = Release|Any CPU
		{B0206B27-6AD2-4902-9B4C-A656674AC293}.Debug|Any CPU.ActiveCfg = Debug|Any CPU
		{B0206B27-6AD2-4902-9B4C-A656674AC293}.Debug|Any CPU.Build.0 = Debug|Any CPU
		{B0206B27-6AD2-4902-9B4C-A656674AC293}.Release|Any CPU.ActiveCfg = Release|Any CPU
		{B0206B27-6AD2-4902-9B4C-A656674AC293}.Release|Any CPU.Build.0 = Release|Any CPU
		{685B6083-8BBE-4B77-A1EE-89CBAB58FD87}.Debug|Any CPU.ActiveCfg = Debug|Any CPU
		{685B6083-8BBE-4B77-A1EE-89CBAB58FD87}.Debug|Any CPU.Build.0 = Debug|Any CPU
		{685B6083-8BBE-4B77-A1EE-89CBAB58FD87}.Release|Any CPU.ActiveCfg = Release|Any CPU
		{685B6083-8BBE-4B77-A1EE-89CBAB58FD87}.Release|Any CPU.Build.0 = Release|Any CPU
		{0246388C-5951-416C-A211-B864F833D2D4}.Debug|Any CPU.ActiveCfg = Debug|Any CPU
		{0246388C-5951-416C-A211-B864F833D2D4}.Debug|Any CPU.Build.0 = Debug|Any CPU
		{0246388C-5951-416C-A211-B864F833D2D4}.Release|Any CPU.ActiveCfg = Release|Any CPU
		{0246388C-5951-416C-A211-B864F833D2D4}.Release|Any CPU.Build.0 = Release|Any CPU
	EndGlobalSection
	GlobalSection(SolutionProperties) = preSolution
		HideSolutionNode = FALSE
	EndGlobalSection
EndGlobal
