
Microsoft Visual Studio Solution File, Format Version 12.00
# Visual Studio 15
VisualStudioVersion = 15.0.26228.4
MinimumVisualStudioVersion = 10.0.40219.1
Project("{FAE04EC0-301F-11D3-BF4B-00C04F79EFBC}") = "ProductsShop.Data", "ProductsShop.Data\ProductsShop.Data.csproj", "{E56D2E4F-C3B1-40F6-A1BA-8E1EDC928791}"
EndProject
Project("{FAE04EC0-301F-11D3-BF4B-00C04F79EFBC}") = "ProductsShop.Models", "ProductsShop.Models\ProductsShop.Models.csproj", "{465E7E17-8FA5-4F65-A97C-22BF600F7DFB}"
EndProject
Project("{FAE04EC0-301F-11D3-BF4B-00C04F79EFBC}") = "ProductsShop.Client", "ProductsShop.Client\ProductsShop.Client.csproj", "{0D82D226-5046-4B16-9A32-EBF280D17479}"
EndProject
Project("{FAE04EC0-301F-11D3-BF4B-00C04F79EFBC}") = "CarDealer.Models", "CarDealer.Models\CarDealer.Models.csproj", "{0C0FD8FF-0763-4797-8022-25754B235DF4}"
EndProject
Project("{FAE04EC0-301F-11D3-BF4B-00C04F79EFBC}") = "CarDealer.Data", "CarDealer.Data\CarDealer.Data.csproj", "{995AC5E9-44FF-44A9-81D4-F9A20E2594EB}"
EndProject
Project("{FAE04EC0-301F-11D3-BF4B-00C04F79EFBC}") = "CarDealer.Client", "CarDealer.Client\CarDealer.Client.csproj", "{8D2AE253-8315-4A36-A179-3BB4EBC1AAF1}"
EndProject
Global
	GlobalSection(SolutionConfigurationPlatforms) = preSolution
		Debug|Any CPU = Debug|Any CPU
		Release|Any CPU = Release|Any CPU
	EndGlobalSection
	GlobalSection(ProjectConfigurationPlatforms) = postSolution
		{E56D2E4F-C3B1-40F6-A1BA-8E1EDC928791}.Debug|Any CPU.ActiveCfg = Debug|Any CPU
		{E56D2E4F-C3B1-40F6-A1BA-8E1EDC928791}.Debug|Any CPU.Build.0 = Debug|Any CPU
		{E56D2E4F-C3B1-40F6-A1BA-8E1EDC928791}.Release|Any CPU.ActiveCfg = Release|Any CPU
		{E56D2E4F-C3B1-40F6-A1BA-8E1EDC928791}.Release|Any CPU.Build.0 = Release|Any CPU
		{465E7E17-8FA5-4F65-A97C-22BF600F7DFB}.Debug|Any CPU.ActiveCfg = Debug|Any CPU
		{465E7E17-8FA5-4F65-A97C-22BF600F7DFB}.Debug|Any CPU.Build.0 = Debug|Any CPU
		{465E7E17-8FA5-4F65-A97C-22BF600F7DFB}.Release|Any CPU.ActiveCfg = Release|Any CPU
		{465E7E17-8FA5-4F65-A97C-22BF600F7DFB}.Release|Any CPU.Build.0 = Release|Any CPU
		{0D82D226-5046-4B16-9A32-EBF280D17479}.Debug|Any CPU.ActiveCfg = Debug|Any CPU
		{0D82D226-5046-4B16-9A32-EBF280D17479}.Debug|Any CPU.Build.0 = Debug|Any CPU
		{0D82D226-5046-4B16-9A32-EBF280D17479}.Release|Any CPU.ActiveCfg = Release|Any CPU
		{0D82D226-5046-4B16-9A32-EBF280D17479}.Release|Any CPU.Build.0 = Release|Any CPU
		{0C0FD8FF-0763-4797-8022-25754B235DF4}.Debug|Any CPU.ActiveCfg = Debug|Any CPU
		{0C0FD8FF-0763-4797-8022-25754B235DF4}.Debug|Any CPU.Build.0 = Debug|Any CPU
		{0C0FD8FF-0763-4797-8022-25754B235DF4}.Release|Any CPU.ActiveCfg = Release|Any CPU
		{0C0FD8FF-0763-4797-8022-25754B235DF4}.Release|Any CPU.Build.0 = Release|Any CPU
		{995AC5E9-44FF-44A9-81D4-F9A20E2594EB}.Debug|Any CPU.ActiveCfg = Debug|Any CPU
		{995AC5E9-44FF-44A9-81D4-F9A20E2594EB}.Debug|Any CPU.Build.0 = Debug|Any CPU
		{995AC5E9-44FF-44A9-81D4-F9A20E2594EB}.Release|Any CPU.ActiveCfg = Release|Any CPU
		{995AC5E9-44FF-44A9-81D4-F9A20E2594EB}.Release|Any CPU.Build.0 = Release|Any CPU
		{8D2AE253-8315-4A36-A179-3BB4EBC1AAF1}.Debug|Any CPU.ActiveCfg = Debug|Any CPU
		{8D2AE253-8315-4A36-A179-3BB4EBC1AAF1}.Debug|Any CPU.Build.0 = Debug|Any CPU
		{8D2AE253-8315-4A36-A179-3BB4EBC1AAF1}.Release|Any CPU.ActiveCfg = Release|Any CPU
		{8D2AE253-8315-4A36-A179-3BB4EBC1AAF1}.Release|Any CPU.Build.0 = Release|Any CPU
	EndGlobalSection
	GlobalSection(SolutionProperties) = preSolution
		HideSolutionNode = FALSE
	EndGlobalSection
EndGlobal
