
Microsoft Visual Studio Solution File, Format Version 12.00
# Visual Studio 14
VisualStudioVersion = 14.0.25420.1
MinimumVisualStudioVersion = 10.0.40219.1
Project("{FAE04EC0-301F-11D3-BF4B-00C04F79EFBC}") = "LocalStore.Models", "LocalStore.Models\LocalStore.Models.csproj", "{B5CA70C5-6B6B-46A1-AE8B-6BD7789B807A}"
EndProject
Project("{FAE04EC0-301F-11D3-BF4B-00C04F79EFBC}") = "CodeFirstAdvanced", "CodeFirstAdvanced\CodeFirstAdvanced.csproj", "{56C9C3B5-31A1-4D0E-B260-70F8D490BB72}"
EndProject
Project("{FAE04EC0-301F-11D3-BF4B-00C04F79EFBC}") = "Sales.Models", "Sales.Models\Sales.Models.csproj", "{A249870C-6C44-48DE-8688-FABF609F4FA3}"
EndProject
Global
	GlobalSection(SolutionConfigurationPlatforms) = preSolution
		Debug|Any CPU = Debug|Any CPU
		Release|Any CPU = Release|Any CPU
	EndGlobalSection
	GlobalSection(ProjectConfigurationPlatforms) = postSolution
		{B5CA70C5-6B6B-46A1-AE8B-6BD7789B807A}.Debug|Any CPU.ActiveCfg = Debug|Any CPU
		{B5CA70C5-6B6B-46A1-AE8B-6BD7789B807A}.Debug|Any CPU.Build.0 = Debug|Any CPU
		{B5CA70C5-6B6B-46A1-AE8B-6BD7789B807A}.Release|Any CPU.ActiveCfg = Release|Any CPU
		{B5CA70C5-6B6B-46A1-AE8B-6BD7789B807A}.Release|Any CPU.Build.0 = Release|Any CPU
		{56C9C3B5-31A1-4D0E-B260-70F8D490BB72}.Debug|Any CPU.ActiveCfg = Debug|Any CPU
		{56C9C3B5-31A1-4D0E-B260-70F8D490BB72}.Debug|Any CPU.Build.0 = Debug|Any CPU
		{56C9C3B5-31A1-4D0E-B260-70F8D490BB72}.Release|Any CPU.ActiveCfg = Release|Any CPU
		{56C9C3B5-31A1-4D0E-B260-70F8D490BB72}.Release|Any CPU.Build.0 = Release|Any CPU
		{A249870C-6C44-48DE-8688-FABF609F4FA3}.Debug|Any CPU.ActiveCfg = Debug|Any CPU
		{A249870C-6C44-48DE-8688-FABF609F4FA3}.Debug|Any CPU.Build.0 = Debug|Any CPU
		{A249870C-6C44-48DE-8688-FABF609F4FA3}.Release|Any CPU.ActiveCfg = Release|Any CPU
		{A249870C-6C44-48DE-8688-FABF609F4FA3}.Release|Any CPU.Build.0 = Release|Any CPU
	EndGlobalSection
	GlobalSection(SolutionProperties) = preSolution
		HideSolutionNode = FALSE
	EndGlobalSection
EndGlobal
